// !$*UTF8*$!
{
	archiveVersion = 1;
	classes = {
	};
	objectVersion = 50;
	objects = {

/* Begin PBXBuildFile section */
		7D8502FF24F3D12E0021BBEB /* AppDelegate.swift in Sources */ = {isa = PBXBuildFile; fileRef = 7D8502FE24F3D12E0021BBEB /* AppDelegate.swift */; };
		7D85030124F3D12E0021BBEB /* SceneDelegate.swift in Sources */ = {isa = PBXBuildFile; fileRef = 7D85030024F3D12E0021BBEB /* SceneDelegate.swift */; };
		7D85030324F3D12E0021BBEB /* ViewController.swift in Sources */ = {isa = PBXBuildFile; fileRef = 7D85030224F3D12E0021BBEB /* ViewController.swift */; };
		7D85030624F3D12E0021BBEB /* Main.storyboard in Resources */ = {isa = PBXBuildFile; fileRef = 7D85030424F3D12E0021BBEB /* Main.storyboard */; };
		7D85030824F3D12F0021BBEB /* Assets.xcassets in Resources */ = {isa = PBXBuildFile; fileRef = 7D85030724F3D12F0021BBEB /* Assets.xcassets */; };
		7D85030B24F3D12F0021BBEB /* LaunchScreen.storyboard in Resources */ = {isa = PBXBuildFile; fileRef = 7D85030924F3D12F0021BBEB /* LaunchScreen.storyboard */; };
		7D85031624F3D12F0021BBEB /* TableViewChallengeTests.swift in Sources */ = {isa = PBXBuildFile; fileRef = 7D85031524F3D12F0021BBEB /* TableViewChallengeTests.swift */; };
/* End PBXBuildFile section */

/* Begin PBXContainerItemProxy section */
		7D85031224F3D12F0021BBEB /* PBXContainerItemProxy */ = {
			isa = PBXContainerItemProxy;
			containerPortal = 7D8502F324F3D12E0021BBEB /* Project object */;
			proxyType = 1;
			remoteGlobalIDString = 7D8502FA24F3D12E0021BBEB;
			remoteInfo = TableViewChallenge;
		};
/* End PBXContainerItemProxy section */

/* Begin PBXFileReference section */
		7D8502FB24F3D12E0021BBEB /* TableViewChallenge.app */ = {isa = PBXFileReference; explicitFileType = wrapper.application; includeInIndex = 0; path = TableViewChallenge.app; sourceTree = BUILT_PRODUCTS_DIR; };
		7D8502FE24F3D12E0021BBEB /* AppDelegate.swift */ = {isa = PBXFileReference; lastKnownFileType = sourcecode.swift; path = AppDelegate.swift; sourceTree = "<group>"; };
		7D85030024F3D12E0021BBEB /* SceneDelegate.swift */ = {isa = PBXFileReference; lastKnownFileType = sourcecode.swift; path = SceneDelegate.swift; sourceTree = "<group>"; };
		7D85030224F3D12E0021BBEB /* ViewController.swift */ = {isa = PBXFileReference; lastKnownFileType = sourcecode.swift; path = ViewController.swift; sourceTree = "<group>"; };
		7D85030524F3D12E0021BBEB /* Base */ = {isa = PBXFileReference; lastKnownFileType = file.storyboard; name = Base; path = Base.lproj/Main.storyboard; sourceTree = "<group>"; };
		7D85030724F3D12F0021BBEB /* Assets.xcassets */ = {isa = PBXFileReference; lastKnownFileType = folder.assetcatalog; path = Assets.xcassets; sourceTree = "<group>"; };
		7D85030A24F3D12F0021BBEB /* Base */ = {isa = PBXFileReference; lastKnownFileType = file.storyboard; name = Base; path = Base.lproj/LaunchScreen.storyboard; sourceTree = "<group>"; };
		7D85030C24F3D12F0021BBEB /* Info.plist */ = {isa = PBXFileReference; lastKnownFileType = text.plist.xml; path = Info.plist; sourceTree = "<group>"; };
		7D85031124F3D12F0021BBEB /* TableViewChallengeTests.xctest */ = {isa = PBXFileReference; explicitFileType = wrapper.cfbundle; includeInIndex = 0; path = TableViewChallengeTests.xctest; sourceTree = BUILT_PRODUCTS_DIR; };
		7D85031524F3D12F0021BBEB /* TableViewChallengeTests.swift */ = {isa = PBXFileReference; lastKnownFileType = sourcecode.swift; path = TableViewChallengeTests.swift; sourceTree = "<group>"; };
		7D85031724F3D12F0021BBEB /* Info.plist */ = {isa = PBXFileReference; lastKnownFileType = text.plist.xml; path = Info.plist; sourceTree = "<group>"; };
/* End PBXFileReference section */

/* Begin PBXFrameworksBuildPhase section */
		7D8502F824F3D12E0021BBEB /* Frameworks */ = {
			isa = PBXFrameworksBuildPhase;
			buildActionMask = 2147483647;
			files = (
			);
			runOnlyForDeploymentPostprocessing = 0;
		};
		7D85030E24F3D12F0021BBEB /* Frameworks */ = {
			isa = PBXFrameworksBuildPhase;
			buildActionMask = 2147483647;
			files = (
			);
			runOnlyForDeploymentPostprocessing = 0;
		};
/* End PBXFrameworksBuildPhase section */

/* Begin PBXGroup section */
		7D8502F224F3D12E0021BBEB = {
			isa = PBXGroup;
			children = (
				7D8502FD24F3D12E0021BBEB /* TableViewChallenge */,
				7D85031424F3D12F0021BBEB /* TableViewChallengeTests */,
				7D8502FC24F3D12E0021BBEB /* Products */,
			);
			sourceTree = "<group>";
		};
		7D8502FC24F3D12E0021BBEB /* Products */ = {
			isa = PBXGroup;
			children = (
				7D8502FB24F3D12E0021BBEB /* TableViewChallenge.app */,
				7D85031124F3D12F0021BBEB /* TableViewChallengeTests.xctest */,
			);
			name = Products;
			sourceTree = "<group>";
		};
		7D8502FD24F3D12E0021BBEB /* TableViewChallenge */ = {
			isa = PBXGroup;
			children = (
				7D8502FE24F3D12E0021BBEB /* AppDelegate.swift */,
				7D85030024F3D12E0021BBEB /* SceneDelegate.swift */,
				7D85030224F3D12E0021BBEB /* ViewController.swift */,
				7D85030424F3D12E0021BBEB /* Main.storyboard */,
				7D85030724F3D12F0021BBEB /* Assets.xcassets */,
				7D85030924F3D12F0021BBEB /* LaunchScreen.storyboard */,
				7D85030C24F3D12F0021BBEB /* Info.plist */,
			);
			path = TableViewChallenge;
			sourceTree = "<group>";
		};
		7D85031424F3D12F0021BBEB /* TableViewChallengeTests */ = {
			isa = PBXGroup;
			children = (
				7D85031524F3D12F0021BBEB /* TableViewChallengeTests.swift */,
				7D85031724F3D12F0021BBEB /* Info.plist */,
			);
			path = TableViewChallengeTests;
			sourceTree = "<group>";
		};
/* End PBXGroup section */

/* Begin PBXNativeTarget section */
		7D8502FA24F3D12E0021BBEB /* TableViewChallenge */ = {
			isa = PBXNativeTarget;
			buildConfigurationList = 7D85031A24F3D12F0021BBEB /* Build configuration list for PBXNativeTarget "TableViewChallenge" */;
			buildPhases = (
				7D8502F724F3D12E0021BBEB /* Sources */,
				7D8502F824F3D12E0021BBEB /* Frameworks */,
				7D8502F924F3D12E0021BBEB /* Resources */,
			);
			buildRules = (
			);
			dependencies = (
			);
			name = TableViewChallenge;
			productName = TableViewChallenge;
			productReference = 7D8502FB24F3D12E0021BBEB /* TableViewChallenge.app */;
			productType = "com.apple.product-type.application";
		};
		7D85031024F3D12F0021BBEB /* TableViewChallengeTests */ = {
			isa = PBXNativeTarget;
			buildConfigurationList = 7D85031D24F3D12F0021BBEB /* Build configuration list for PBXNativeTarget "TableViewChallengeTests" */;
			buildPhases = (
				7D85030D24F3D12F0021BBEB /* Sources */,
				7D85030E24F3D12F0021BBEB /* Frameworks */,
				7D85030F24F3D12F0021BBEB /* Resources */,
			);
			buildRules = (
			);
			dependencies = (
				7D85031324F3D12F0021BBEB /* PBXTargetDependency */,
			);
			name = TableViewChallengeTests;
			productName = TableViewChallengeTests;
			productReference = 7D85031124F3D12F0021BBEB /* TableViewChallengeTests.xctest */;
			productType = "com.apple.product-type.bundle.unit-test";
		};
/* End PBXNativeTarget section */

/* Begin PBXProject section */
		7D8502F324F3D12E0021BBEB /* Project object */ = {
			isa = PBXProject;
			attributes = {
				LastSwiftUpdateCheck = 1150;
				LastUpgradeCheck = 1150;
				ORGANIZATIONNAME = "iOS developer";
				TargetAttributes = {
					7D8502FA24F3D12E0021BBEB = {
						CreatedOnToolsVersion = 11.5;
					};
					7D85031024F3D12F0021BBEB = {
						CreatedOnToolsVersion = 11.5;
						TestTargetID = 7D8502FA24F3D12E0021BBEB;
					};
				};
			};
			buildConfigurationList = 7D8502F624F3D12E0021BBEB /* Build configuration list for PBXProject "TableViewChallenge" */;
			compatibilityVersion = "Xcode 9.3";
			developmentRegion = en;
			hasScannedForEncodings = 0;
			knownRegions = (
				en,
				Base,
			);
			mainGroup = 7D8502F224F3D12E0021BBEB;
			productRefGroup = 7D8502FC24F3D12E0021BBEB /* Products */;
			projectDirPath = "";
			projectRoot = "";
			targets = (
				7D8502FA24F3D12E0021BBEB /* TableViewChallenge */,
				7D85031024F3D12F0021BBEB /* TableViewChallengeTests */,
			);
		};
/* End PBXProject section */

/* Begin PBXResourcesBuildPhase section */
		7D8502F924F3D12E0021BBEB /* Resources */ = {
			isa = PBXResourcesBuildPhase;
			buildActionMask = 2147483647;
			files = (
				7D85030B24F3D12F0021BBEB /* LaunchScreen.storyboard in Resources */,
				7D85030824F3D12F0021BBEB /* Assets.xcassets in Resources */,
				7D85030624F3D12E0021BBEB /* Main.storyboard in Resources */,
			);
			runOnlyForDeploymentPostprocessing = 0;
		};
		7D85030F24F3D12F0021BBEB /* Resources */ = {
			isa = PBXResourcesBuildPhase;
			buildActionMask = 2147483647;
			files = (
			);
			runOnlyForDeploymentPostprocessing = 0;
		};
/* End PBXResourcesBuildPhase section */

/* Begin PBXSourcesBuildPhase section */
		7D8502F724F3D12E0021BBEB /* Sources */ = {
			isa = PBXSourcesBuildPhase;
			buildActionMask = 2147483647;
			files = (
				7D85030324F3D12E0021BBEB /* ViewController.swift in Sources */,
				7D8502FF24F3D12E0021BBEB /* AppDelegate.swift in Sources */,
				7D85030124F3D12E0021BBEB /* SceneDelegate.swift in Sources */,
			);
			runOnlyForDeploymentPostprocessing = 0;
		};
		7D85030D24F3D12F0021BBEB /* Sources */ = {
			isa = PBXSourcesBuildPhase;
			buildActionMask = 2147483647;
			files = (
				7D85031624F3D12F0021BBEB /* TableViewChallengeTests.swift in Sources */,
			);
			runOnlyForDeploymentPostprocessing = 0;
		};
/* End PBXSourcesBuildPhase section */

/* Begin PBXTargetDependency section */
		7D85031324F3D12F0021BBEB /* PBXTargetDependency */ = {
			isa = PBXTargetDependency;
			target = 7D8502FA24F3D12E0021BBEB /* TableViewChallenge */;
			targetProxy = 7D85031224F3D12F0021BBEB /* PBXContainerItemProxy */;
		};
/* End PBXTargetDependency section */

/* Begin PBXVariantGroup section */
		7D85030424F3D12E0021BBEB /* Main.storyboard */ = {
			isa = PBXVariantGroup;
			children = (
				7D85030524F3D12E0021BBEB /* Base */,
			);
			name = Main.storyboard;
			sourceTree = "<group>";
		};
		7D85030924F3D12F0021BBEB /* LaunchScreen.storyboard */ = {
			isa = PBXVariantGroup;
			children = (
				7D85030A24F3D12F0021BBEB /* Base */,
			);
			name = LaunchScreen.storyboard;
			sourceTree = "<group>";
		};
/* End PBXVariantGroup section */

/* Begin XCBuildConfiguration section */
		7D85031824F3D12F0021BBEB /* Debug */ = {
			isa = XCBuildConfiguration;
			buildSettings = {
				ALWAYS_SEARCH_USER_PATHS = NO;
				CLANG_ANALYZER_NONNULL = YES;
				CLANG_ANALYZER_NUMBER_OBJECT_CONVERSION = YES_AGGRESSIVE;
				CLANG_CXX_LANGUAGE_STANDARD = "gnu++14";
				CLANG_CXX_LIBRARY = "libc++";
				CLANG_ENABLE_MODULES = YES;
				CLANG_ENABLE_OBJC_ARC = YES;
				CLANG_ENABLE_OBJC_WEAK = YES;
				CLANG_WARN_BLOCK_CAPTURE_AUTORELEASING = YES;
				CLANG_WARN_BOOL_CONVERSION = YES;
				CLANG_WARN_COMMA = YES;
				CLANG_WARN_CONSTANT_CONVERSION = YES;
				CLANG_WARN_DEPRECATED_OBJC_IMPLEMENTATIONS = YES;
				CLANG_WARN_DIRECT_OBJC_ISA_USAGE = YES_ERROR;
				CLANG_WARN_DOCUMENTATION_COMMENTS = YES;
				CLANG_WARN_EMPTY_BODY = YES;
				CLANG_WARN_ENUM_CONVERSION = YES;
				CLANG_WARN_INFINITE_RECURSION = YES;
				CLANG_WARN_INT_CONVERSION = YES;
				CLANG_WARN_NON_LITERAL_NULL_CONVERSION = YES;
				CLANG_WARN_OBJC_IMPLICIT_RETAIN_SELF = YES;
				CLANG_WARN_OBJC_LITERAL_CONVERSION = YES;
				CLANG_WARN_OBJC_ROOT_CLASS = YES_ERROR;
				CLANG_WARN_RANGE_LOOP_ANALYSIS = YES;
				CLANG_WARN_STRICT_PROTOTYPES = YES;
				CLANG_WARN_SUSPICIOUS_MOVE = YES;
				CLANG_WARN_UNGUARDED_AVAILABILITY = YES_AGGRESSIVE;
				CLANG_WARN_UNREACHABLE_CODE = YES;
				CLANG_WARN__DUPLICATE_METHOD_MATCH = YES;
				COPY_PHASE_STRIP = NO;
				DEBUG_INFORMATION_FORMAT = dwarf;
				ENABLE_STRICT_OBJC_MSGSEND = YES;
				ENABLE_TESTABILITY = YES;
				GCC_C_LANGUAGE_STANDARD = gnu11;
				GCC_DYNAMIC_NO_PIC = NO;
				GCC_NO_COMMON_BLOCKS = YES;
				GCC_OPTIMIZATION_LEVEL = 0;
				GCC_PREPROCESSOR_DEFINITIONS = (
					"DEBUG=1",
					"$(inherited)",
				);
				GCC_WARN_64_TO_32_BIT_CONVERSION = YES;
				GCC_WARN_ABOUT_RETURN_TYPE = YES_ERROR;
				GCC_WARN_UNDECLARED_SELECTOR = YES;
				GCC_WARN_UNINITIALIZED_AUTOS = YES_AGGRESSIVE;
				GCC_WARN_UNUSED_FUNCTION = YES;
				GCC_WARN_UNUSED_VARIABLE = YES;
				IPHONEOS_DEPLOYMENT_TARGET = 13.5;
				MTL_ENABLE_DEBUG_INFO = INCLUDE_SOURCE;
				MTL_FAST_MATH = YES;
				ONLY_ACTIVE_ARCH = YES;
				SDKROOT = iphoneos;
				SWIFT_ACTIVE_COMPILATION_CONDITIONS = DEBUG;
				SWIFT_OPTIMIZATION_LEVEL = "-Onone";
			};
			name = Debug;
		};
		7D85031924F3D12F0021BBEB /* Release */ = {
			isa = XCBuildConfiguration;
			buildSettings = {
				ALWAYS_SEARCH_USER_PATHS = NO;
				CLANG_ANALYZER_NONNULL = YES;
				CLANG_ANALYZER_NUMBER_OBJECT_CONVERSION = YES_AGGRESSIVE;
				CLANG_CXX_LANGUAGE_STANDARD = "gnu++14";
				CLANG_CXX_LIBRARY = "libc++";
				CLANG_ENABLE_MODULES = YES;
				CLANG_ENABLE_OBJC_ARC = YES;
				CLANG_ENABLE_OBJC_WEAK = YES;
				CLANG_WARN_BLOCK_CAPTURE_AUTORELEASING = YES;
				CLANG_WARN_BOOL_CONVERSION = YES;
				CLANG_WARN_COMMA = YES;
				CLANG_WARN_CONSTANT_CONVERSION = YES;
				CLANG_WARN_DEPRECATED_OBJC_IMPLEMENTATIONS = YES;
				CLANG_WARN_DIRECT_OBJC_ISA_USAGE = YES_ERROR;
				CLANG_WARN_DOCUMENTATION_COMMENTS = YES;
				CLANG_WARN_EMPTY_BODY = YES;
				CLANG_WARN_ENUM_CONVERSION = YES;
				CLANG_WARN_INFINITE_RECURSION = YES;
				CLANG_WARN_INT_CONVERSION = YES;
				CLANG_WARN_NON_LITERAL_NULL_CONVERSION = YES;
				CLANG_WARN_OBJC_IMPLICIT_RETAIN_SELF = YES;
				CLANG_WARN_OBJC_LITERAL_CONVERSION = YES;
				CLANG_WARN_OBJC_ROOT_CLASS = YES_ERROR;
				CLANG_WARN_RANGE_LOOP_ANALYSIS = YES;
				CLANG_WARN_STRICT_PROTOTYPES = YES;
				CLANG_WARN_SUSPICIOUS_MOVE = YES;
				CLANG_WARN_UNGUARDED_AVAILABILITY = YES_AGGRESSIVE;
				CLANG_WARN_UNREACHABLE_CODE = YES;
				CLANG_WARN__DUPLICATE_METHOD_MATCH = YES;
				COPY_PHASE_STRIP = NO;
				DEBUG_INFORMATION_FORMAT = "dwarf-with-dsym";
				ENABLE_NS_ASSERTIONS = NO;
				ENABLE_STRICT_OBJC_MSGSEND = YES;
				GCC_C_LANGUAGE_STANDARD = gnu11;
				GCC_NO_COMMON_BLOCKS = YES;
				GCC_WARN_64_TO_32_BIT_CONVERSION = YES;
				GCC_WARN_ABOUT_RETURN_TYPE = YES_ERROR;
				GCC_WARN_UNDECLARED_SELECTOR = YES;
				GCC_WARN_UNINITIALIZED_AUTOS = YES_AGGRESSIVE;
				GCC_WARN_UNUSED_FUNCTION = YES;
				GCC_WARN_UNUSED_VARIABLE = YES;
				IPHONEOS_DEPLOYMENT_TARGET = 13.5;
				MTL_ENABLE_DEBUG_INFO = NO;
				MTL_FAST_MATH = YES;
				SDKROOT = iphoneos;
				SWIFT_COMPILATION_MODE = wholemodule;
				SWIFT_OPTIMIZATION_LEVEL = "-O";
				VALIDATE_PRODUCT = YES;
			};
			name = Release;
		};
		7D85031B24F3D12F0021BBEB /* Debug */ = {
			isa = XCBuildConfiguration;
			buildSettings = {
				ASSETCATALOG_COMPILER_APPICON_NAME = AppIcon;
				CODE_SIGN_STYLE = Automatic;
				INFOPLIST_FILE = TableViewChallenge/Info.plist;
				LD_RUNPATH_SEARCH_PATHS = (
					"$(inherited)",
					"@executable_path/Frameworks",
				);
				PRODUCT_BUNDLE_IDENTIFIER = TableViewTask.TableViewChallenge;
				PRODUCT_NAME = "$(TARGET_NAME)";
				SWIFT_VERSION = 5.0;
				TARGETED_DEVICE_FAMILY = "1,2";
			};
			name = Debug;
		};
		7D85031C24F3D12F0021BBEB /* Release */ = {
			isa = XCBuildConfiguration;
			buildSettings = {
				ASSETCATALOG_COMPILER_APPICON_NAME = AppIcon;
				CODE_SIGN_STYLE = Automatic;
				INFOPLIST_FILE = TableViewChallenge/Info.plist;
				LD_RUNPATH_SEARCH_PATHS = (
					"$(inherited)",
					"@executable_path/Frameworks",
				);
				PRODUCT_BUNDLE_IDENTIFIER = TableViewTask.TableViewChallenge;
				PRODUCT_NAME = "$(TARGET_NAME)";
				SWIFT_VERSION = 5.0;
				TARGETED_DEVICE_FAMILY = "1,2";
			};
			name = Release;
		};
		7D85031E24F3D12F0021BBEB /* Debug */ = {
			isa = XCBuildConfiguration;
			buildSettings = {
				ALWAYS_EMBED_SWIFT_STANDARD_LIBRARIES = YES;
				BUNDLE_LOADER = "$(TEST_HOST)";
				CODE_SIGN_STYLE = Automatic;
				INFOPLIST_FILE = TableViewChallengeTests/Info.plist;
				IPHONEOS_DEPLOYMENT_TARGET = 13.5;
				LD_RUNPATH_SEARCH_PATHS = (
					"$(inherited)",
					"@executable_path/Frameworks",
					"@loader_path/Frameworks",
				);
				PRODUCT_BUNDLE_IDENTIFIER = TableViewTask.TableViewChallengeTests;
				PRODUCT_NAME = "$(TARGET_NAME)";
				SWIFT_VERSION = 5.0;
				TARGETED_DEVICE_FAMILY = "1,2";
				TEST_HOST = "$(BUILT_PRODUCTS_DIR)/TableViewChallenge.app/TableViewChallenge";
			};
			name = Debug;
		};
		7D85031F24F3D12F0021BBEB /* Release */ = {
			isa = XCBuildConfiguration;
			buildSettings = {
				ALWAYS_EMBED_SWIFT_STANDARD_LIBRARIES = YES;
				BUNDLE_LOADER = "$(TEST_HOST)";
				CODE_SIGN_STYLE = Automatic;
				INFOPLIST_FILE = TableViewChallengeTests/Info.plist;
				IPHONEOS_DEPLOYMENT_TARGET = 13.5;
				LD_RUNPATH_SEARCH_PATHS = (
					"$(inherited)",
					"@executable_path/Frameworks",
					"@loader_path/Frameworks",
				);
				PRODUCT_BUNDLE_IDENTIFIER = TableViewTask.TableViewChallengeTests;
				PRODUCT_NAME = "$(TARGET_NAME)";
				SWIFT_VERSION = 5.0;
				TARGETED_DEVICE_FAMILY = "1,2";
				TEST_HOST = "$(BUILT_PRODUCTS_DIR)/TableViewChallenge.app/TableViewChallenge";
			};
			name = Release;
		};
/* End XCBuildConfiguration section */

/* Begin XCConfigurationList section */
		7D8502F624F3D12E0021BBEB /* Build configuration list for PBXProject "TableViewChallenge" */ = {
			isa = XCConfigurationList;
			buildConfigurations = (
				7D85031824F3D12F0021BBEB /* Debug */,
				7D85031924F3D12F0021BBEB /* Release */,
			);
			defaultConfigurationIsVisible = 0;
			defaultConfigurationName = Release;
		};
		7D85031A24F3D12F0021BBEB /* Build configuration list for PBXNativeTarget "TableViewChallenge" */ = {
			isa = XCConfigurationList;
			buildConfigurations = (
				7D85031B24F3D12F0021BBEB /* Debug */,
				7D85031C24F3D12F0021BBEB /* Release */,
			);
			defaultConfigurationIsVisible = 0;
			defaultConfigurationName = Release;
		};
		7D85031D24F3D12F0021BBEB /* Build configuration list for PBXNativeTarget "TableViewChallengeTests" */ = {
			isa = XCConfigurationList;
			buildConfigurations = (
				7D85031E24F3D12F0021BBEB /* Debug */,
				7D85031F24F3D12F0021BBEB /* Release */,
			);
			defaultConfigurationIsVisible = 0;
			defaultConfigurationName = Release;
		};
/* End XCConfigurationList section */
	};
	rootObject = 7D8502F324F3D12E0021BBEB /* Project object */;
}
